
Microsoft Visual Studio Solution File, Format Version 12.00
# Visual Studio Version 16
VisualStudioVersion = 16.0.30225.117
MinimumVisualStudioVersion = 10.0.40219.1
Project("{9A19103F-16F7-4668-BE54-9A1E7A4F7556}") = "jwt.sample", "jwt.sample\jwt.sample.csproj", "{4D353C85-7658-4D6A-949F-4F727F381742}"
EndProject
Project("{9A19103F-16F7-4668-BE54-9A1E7A4F7556}") = "JWT.Simplify", "jwt.simplify\JWT.Simplify.csproj", "{9536FFF9-E40E-48DE-972F-5BA08255559E}"
EndProject
Project("{9A19103F-16F7-4668-BE54-9A1E7A4F7556}") = "Jwt.Simplify.Core", "Jwt.Simplify.Core\Jwt.Simplify.Core.csproj", "{E858B227-D2F8-4C18-A31C-EDC533283FD1}"
EndProject
Project("{9A19103F-16F7-4668-BE54-9A1E7A4F7556}") = "jwt.consumer", "jwt.consumer\jwt.consumer.csproj", "{FD18B339-F4AA-4F72-A817-3BCA2B60AE8A}"
EndProject
Global
	GlobalSection(SolutionConfigurationPlatforms) = preSolution
		Debug|Any CPU = Debug|Any CPU
		Release|Any CPU = Release|Any CPU
	EndGlobalSection
	GlobalSection(ProjectConfigurationPlatforms) = postSolution
		{4D353C85-7658-4D6A-949F-4F727F381742}.Debug|Any CPU.ActiveCfg = Debug|Any CPU
		{4D353C85-7658-4D6A-949F-4F727F381742}.Debug|Any CPU.Build.0 = Debug|Any CPU
		{4D353C85-7658-4D6A-949F-4F727F381742}.Release|Any CPU.ActiveCfg = Release|Any CPU
		{4D353C85-7658-4D6A-949F-4F727F381742}.Release|Any CPU.Build.0 = Release|Any CPU
		{9536FFF9-E40E-48DE-972F-5BA08255559E}.Debug|Any CPU.ActiveCfg = Debug|Any CPU
		{9536FFF9-E40E-48DE-972F-5BA08255559E}.Debug|Any CPU.Build.0 = Debug|Any CPU
		{9536FFF9-E40E-48DE-972F-5BA08255559E}.Release|Any CPU.ActiveCfg = Release|Any CPU
		{9536FFF9-E40E-48DE-972F-5BA08255559E}.Release|Any CPU.Build.0 = Release|Any CPU
		{E858B227-D2F8-4C18-A31C-EDC533283FD1}.Debug|Any CPU.ActiveCfg = Debug|Any CPU
		{E858B227-D2F8-4C18-A31C-EDC533283FD1}.Debug|Any CPU.Build.0 = Debug|Any CPU
		{E858B227-D2F8-4C18-A31C-EDC533283FD1}.Release|Any CPU.ActiveCfg = Release|Any CPU
		{E858B227-D2F8-4C18-A31C-EDC533283FD1}.Release|Any CPU.Build.0 = Release|Any CPU
		{FD18B339-F4AA-4F72-A817-3BCA2B60AE8A}.Debug|Any CPU.ActiveCfg = Debug|Any CPU
		{FD18B339-F4AA-4F72-A817-3BCA2B60AE8A}.Debug|Any CPU.Build.0 = Debug|Any CPU
		{FD18B339-F4AA-4F72-A817-3BCA2B60AE8A}.Release|Any CPU.ActiveCfg = Release|Any CPU
		{FD18B339-F4AA-4F72-A817-3BCA2B60AE8A}.Release|Any CPU.Build.0 = Release|Any CPU
	EndGlobalSection
	GlobalSection(SolutionProperties) = preSolution
		HideSolutionNode = FALSE
	EndGlobalSection
	GlobalSection(ExtensibilityGlobals) = postSolution
		SolutionGuid = {FFA3610B-9BAC-4A8B-8001-1BAA98865AB6}
	EndGlobalSection
EndGlobal
